
Microsoft Visual Studio Solution File, Format Version 12.00
# Visual Studio Version 16
VisualStudioVersion = 16.0.31019.35
MinimumVisualStudioVersion = 10.0.40219.1
Project("{FAE04EC0-301F-11D3-BF4B-00C04F79EFBC}") = "RechniciOcenka", "RechniciOcenka\RechniciOcenka.csproj", "{867B9FAD-4DD7-4C2E-835D-10EDF4C92966}"
EndProject
Global
	GlobalSection(SolutionConfigurationPlatforms) = preSolution
		Debug|Any CPU = Debug|Any CPU
		Release|Any CPU = Release|Any CPU
	EndGlobalSection
	GlobalSection(ProjectConfigurationPlatforms) = postSolution
		{867B9FAD-4DD7-4C2E-835D-10EDF4C92966}.Debug|Any CPU.ActiveCfg = Debug|Any CPU
		{867B9FAD-4DD7-4C2E-835D-10EDF4C92966}.Debug|Any CPU.Build.0 = Debug|Any CPU
		{867B9FAD-4DD7-4C2E-835D-10EDF4C92966}.Release|Any CPU.ActiveCfg = Release|Any CPU
		{867B9FAD-4DD7-4C2E-835D-10EDF4C92966}.Release|Any CPU.Build.0 = Release|Any CPU
	EndGlobalSection
	GlobalSection(SolutionProperties) = preSolution
		HideSolutionNode = FALSE
	EndGlobalSection
	GlobalSection(ExtensibilityGlobals) = postSolution
		SolutionGuid = {56695CF6-6CFB-4428-A74F-142ED99189A4}
	EndGlobalSection
EndGlobal
