
Microsoft Visual Studio Solution File, Format Version 12.00
# Visual Studio Version 16
VisualStudioVersion = 16.0.31019.35
MinimumVisualStudioVersion = 10.0.40219.1
Project("{FAE04EC0-301F-11D3-BF4B-00C04F79EFBC}") = "RechniciUpr2", "RechniciUpr2\RechniciUpr2.csproj", "{6F3A7E06-9AF2-4DC1-8135-EBB40AD787A4}"
EndProject
Global
	GlobalSection(SolutionConfigurationPlatforms) = preSolution
		Debug|Any CPU = Debug|Any CPU
		Release|Any CPU = Release|Any CPU
	EndGlobalSection
	GlobalSection(ProjectConfigurationPlatforms) = postSolution
		{6F3A7E06-9AF2-4DC1-8135-EBB40AD787A4}.Debug|Any CPU.ActiveCfg = Debug|Any CPU
		{6F3A7E06-9AF2-4DC1-8135-EBB40AD787A4}.Debug|Any CPU.Build.0 = Debug|Any CPU
		{6F3A7E06-9AF2-4DC1-8135-EBB40AD787A4}.Release|Any CPU.ActiveCfg = Release|Any CPU
		{6F3A7E06-9AF2-4DC1-8135-EBB40AD787A4}.Release|Any CPU.Build.0 = Release|Any CPU
	EndGlobalSection
	GlobalSection(SolutionProperties) = preSolution
		HideSolutionNode = FALSE
	EndGlobalSection
	GlobalSection(ExtensibilityGlobals) = postSolution
		SolutionGuid = {ED41AF41-9406-4AB9-AF5B-40B99F65E3A0}
	EndGlobalSection
EndGlobal
